
Microsoft Visual Studio Solution File, Format Version 12.00
# Visual Studio Version 16
VisualStudioVersion = 16.0.32126.315
MinimumVisualStudioVersion = 10.0.40219.1
Project("{FAE04EC0-301F-11D3-BF4B-00C04F79EFBC}") = "ConcatTXT", "ConcatTXT\ConcatTXT.csproj", "{E006CDC3-3F1A-44DD-8827-F8C0DC28EA61}"
EndProject
Global
	GlobalSection(SolutionConfigurationPlatforms) = preSolution
		Debug|Any CPU = Debug|Any CPU
		Release|Any CPU = Release|Any CPU
	EndGlobalSection
	GlobalSection(ProjectConfigurationPlatforms) = postSolution
		{E006CDC3-3F1A-44DD-8827-F8C0DC28EA61}.Debug|Any CPU.ActiveCfg = Debug|Any CPU
		{E006CDC3-3F1A-44DD-8827-F8C0DC28EA61}.Debug|Any CPU.Build.0 = Debug|Any CPU
		{E006CDC3-3F1A-44DD-8827-F8C0DC28EA61}.Release|Any CPU.ActiveCfg = Release|Any CPU
		{E006CDC3-3F1A-44DD-8827-F8C0DC28EA61}.Release|Any CPU.Build.0 = Release|Any CPU
	EndGlobalSection
	GlobalSection(SolutionProperties) = preSolution
		HideSolutionNode = FALSE
	EndGlobalSection
	GlobalSection(ExtensibilityGlobals) = postSolution
		SolutionGuid = {751692CE-0191-43EA-96B8-FBD7D2F34A09}
	EndGlobalSection
EndGlobal
